{
  "lockfileVersion": 1,
  "configVersion": 0,
  "workspaces": {
    "": {
      "name": "github",
      "devDependencies": {
        "oxfmt": "^0.56.0",
      },
    },
  },
  "overrides": {
    "ansi-regex": "^6.1.0",
    "minimist": "^1.2.8",
  },
  "packages": {
    "@oxfmt/binding-android-arm-eabi": ["@oxfmt/binding-android-arm-eabi@0.56.0", "", { "os": "android", "cpu": "arm" }, "sha512-CSCxi7ovYojgfdPOdUb9T508HKeAdDIKeRGg7x8IZwVJrWz9gVgX7MbUnFqtQAE4QvoNo07mj2JlwnOzJw4qqA=="],

    "@oxfmt/binding-android-arm64": ["@oxfmt/binding-android-arm64@0.56.0", "", { "os": "android", "cpu": "arm64" }, "sha512-HYJFnd+PkDwf6S9ZPGzXXtjNqvRWFnnhdbWaouh4mi/SxU8wmDuzlMn3xo/wDTGnr4Q1VA7ZzOaE/D4biW0W6A=="],

    "@oxfmt/binding-darwin-arm64": ["@oxfmt/binding-darwin-arm64@0.56.0", "", { "os": "darwin", "cpu": "arm64" }, "sha512-sftR/bEOr+t1gs+evwsHi/Xbq2FAPA2uU3VMr8n6ZU9PoK/IMSfnfu7+OEe/uy1+knhrFl4Wvy7Vkm3uo9mJ7g=="],

    "@oxfmt/binding-darwin-x64": ["@oxfmt/binding-darwin-x64@0.56.0", "", { "os": "darwin", "cpu": "x64" }, "sha512-z66SdjLqa3MUPKvTp3Mbb5nSjKSbnYxJGeB+Wx987s8T5hPcIRiBMfnJ6zcPgYtQn3x5xjvdzNVkXrSeYH6ZFg=="],

    "@oxfmt/binding-freebsd-x64": ["@oxfmt/binding-freebsd-x64@0.56.0", "", { "os": "freebsd", "cpu": "x64" }, "sha512-t2tkrV1vtZyaItSQ71dTi2ZVKZEI39b/LqLT12V5KMfIeXK6N32TUC1jhOXKVQmhECq9j2ZXMQV3JeT1kh9Vmg=="],

    "@oxfmt/binding-linux-arm-gnueabihf": ["@oxfmt/binding-linux-arm-gnueabihf@0.56.0", "", { "os": "linux", "cpu": "arm" }, "sha512-+gCy+Tp3RHeXQ9y/QrS76lXIpZkbziTyp6hIgjB2MssCwfMph3vG/GEfkhO34Rai1vhYIaUkvv8UT1BcDorJPw=="],

    "@oxfmt/binding-linux-arm-musleabihf": ["@oxfmt/binding-linux-arm-musleabihf@0.56.0", "", { "os": "linux", "cpu": "arm" }, "sha512-0kKkVvQ2I+FJ2sxQyUu1zJ0yWP5kcWse/yVFnGQSFCXMwSSkfEaUGu0dW774O7nyy3jrcBGap7OSc8dZmU/CdA=="],

    "@oxfmt/binding-linux-arm64-gnu": ["@oxfmt/binding-linux-arm64-gnu@0.56.0", "", { "os": "linux", "cpu": "arm64" }, "sha512-npkA2siMbyWRh+wEhi1aTAx4RirukGcGNt8V4Ch86pG+xU9aurqS1MZOnKYMu03ISwat3rB6zkQx51SsB9obNw=="],

    "@oxfmt/binding-linux-arm64-musl": ["@oxfmt/binding-linux-arm64-musl@0.56.0", "", { "os": "linux", "cpu": "arm64" }, "sha512-UekqOjGkV4/MkqreCV9SPIB2jlR3/HbXrmhV1rVXJZ9wfDXMyCMriLtq3tHqLY4PkbVWNtfcm1kMojJ26KLSJw=="],

    "@oxfmt/binding-linux-ppc64-gnu": ["@oxfmt/binding-linux-ppc64-gnu@0.56.0", "", { "os": "linux", "cpu": "ppc64" }, "sha512-XSzveSpeZMD5XJpew5lRFVtNnT04xd3rJxENXmk7wkZzN9oWzv2aFJyoNDhOtoz69BYaS/fg4SYl+CfEZRpB0Q=="],

    "@oxfmt/binding-linux-riscv64-gnu": ["@oxfmt/binding-linux-riscv64-gnu@0.56.0", "", { "os": "linux", "cpu": "none" }, "sha512-EkQ0nJa7k7HDDIVuPF7WY+k4k+bzdclLYtyIXNt7/OqVghfNiMym6YGppFBgx1XRIHW6QylxBz5OogumPjPJbQ=="],

    "@oxfmt/binding-linux-riscv64-musl": ["@oxfmt/binding-linux-riscv64-musl@0.56.0", "", { "os": "linux", "cpu": "none" }, "sha512-dyjAGW8jKRge0ik6U/dgvQG0nVpA3iBlRskQTz5qJLvQWIrySxX5jpqzPetLBNIIZ231KA82fDdi1nLTk8ENCw=="],

    "@oxfmt/binding-linux-s390x-gnu": ["@oxfmt/binding-linux-s390x-gnu@0.56.0", "", { "os": "linux", "cpu": "s390x" }, "sha512-60ZGH3LtfqlW8X6vcLdSFY4lvCQYINurttYBKaALnHCDVAUCYJ1LsUgS6p1XOzVlzEDx3yNUZvDF1Lvt59zoZw=="],

    "@oxfmt/binding-linux-x64-gnu": ["@oxfmt/binding-linux-x64-gnu@0.56.0", "", { "os": "linux", "cpu": "x64" }, "sha512-u1suj1tgJHK4ZqB7buCtdbNef2n8+d0lXTPJwLHNmtyK6p+DTpsaoDvmqhQrA56fgKYv4LuRxNtL8YooebKOew=="],

    "@oxfmt/binding-linux-x64-musl": ["@oxfmt/binding-linux-x64-musl@0.56.0", "", { "os": "linux", "cpu": "x64" }, "sha512-aYGLvlQHt80y+qKEtfJY/Nm27G0125Lv+qyh9SJ4Cjc6lXnXjD+ndfhqQnbV24POpMi7rNRi0jvx/0d70FRpCQ=="],

    "@oxfmt/binding-openharmony-arm64": ["@oxfmt/binding-openharmony-arm64@0.56.0", "", { "os": "none", "cpu": "arm64" }, "sha512-H/re/gO+7ysVc+kywHNuzY3C33EN9sQcZhg0kp1ZwOZl7y998ZE5mhnBiuGR/nYI0pqLL5xQfrHVUOJ/cIJsCA=="],

    "@oxfmt/binding-win32-arm64-msvc": ["@oxfmt/binding-win32-arm64-msvc@0.56.0", "", { "os": "win32", "cpu": "arm64" }, "sha512-6qLNXfXmtAs8jXDvYMkxk6Wec5SUJoew+ZX1uOZmqaR7ks0EJFbAohuOCELDyJMWyVlxotVG8Xf8m74Bfq0O2w=="],

    "@oxfmt/binding-win32-ia32-msvc": ["@oxfmt/binding-win32-ia32-msvc@0.56.0", "", { "os": "win32", "cpu": "ia32" }, "sha512-UXEXuKphAe15bsob4AswNMArCw38XSmUIs3wk1s6e6MX9OWGW/IRWU95s1hZDiVg09STy1jHgyN2qkqbu1FT0w=="],

    "@oxfmt/binding-win32-x64-msvc": ["@oxfmt/binding-win32-x64-msvc@0.56.0", "", { "os": "win32", "cpu": "x64" }, "sha512-HPyNDjky+NIOuaMvHZflR+kst3YWdUOH2JUQYkf99grqZ5mEBTQM6h9iGy501Z8Xt5xMScrwHOuVCOlqDrktRw=="],

    "oxfmt": ["oxfmt@0.56.0", "", { "dependencies": { "tinypool": "2.1.0" }, "optionalDependencies": { "@oxfmt/binding-android-arm-eabi": "0.56.0", "@oxfmt/binding-android-arm64": "0.56.0", "@oxfmt/binding-darwin-arm64": "0.56.0", "@oxfmt/binding-darwin-x64": "0.56.0", "@oxfmt/binding-freebsd-x64": "0.56.0", "@oxfmt/binding-linux-arm-gnueabihf": "0.56.0", "@oxfmt/binding-linux-arm-musleabihf": "0.56.0", "@oxfmt/binding-linux-arm64-gnu": "0.56.0", "@oxfmt/binding-linux-arm64-musl": "0.56.0", "@oxfmt/binding-linux-ppc64-gnu": "0.56.0", "@oxfmt/binding-linux-riscv64-gnu": "0.56.0", "@oxfmt/binding-linux-riscv64-musl": "0.56.0", "@oxfmt/binding-linux-s390x-gnu": "0.56.0", "@oxfmt/binding-linux-x64-gnu": "0.56.0", "@oxfmt/binding-linux-x64-musl": "0.56.0", "@oxfmt/binding-openharmony-arm64": "0.56.0", "@oxfmt/binding-win32-arm64-msvc": "0.56.0", "@oxfmt/binding-win32-ia32-msvc": "0.56.0", "@oxfmt/binding-win32-x64-msvc": "0.56.0" }, "peerDependencies": { "svelte": "^5.0.0", "vite-plus": "*" }, "optionalPeers": ["svelte", "vite-plus"], "bin": { "oxfmt": "bin/oxfmt" } }, "sha512-9Dv0wV3zKiyvhjD7bRKaInKmHQ1sPx3RGOjQkGFJbbdQ16576yf8qhMSO9Q9cvHcs+1NpBsRTkuDDYFFPTJ6gw=="],

    "tinypool": ["tinypool@2.1.0", "", {}, "sha512-Pugqs6M0m7Lv1I7FtxN4aoyToKg1C4tu+/381vH35y8oENM/Ai7f7C4StcoK4/+BSw9ebcS8jRiVrORFKCALLw=="],
  }
}
